
Microsoft Visual Studio Solution File, Format Version 12.00
# Visual Studio Version 17
VisualStudioVersion = 17.5.33530.505
MinimumVisualStudioVersion = 10.0.40219.1
Project("{FAE04EC0-301F-11D3-BF4B-00C04F79EFBC}") = "PosSystem", "PosSystem.csproj", "{1F39DA9D-D17F-4189-9BB2-1CEE759E7501}"
EndProject
Project("{FAE04EC0-301F-11D3-BF4B-00C04F79EFBC}") = "Entity", "..\Entity\Entity.csproj", "{11A36444-9C25-412E-89EA-E782EC977826}"
EndProject
Project("{FAE04EC0-301F-11D3-BF4B-00C04F79EFBC}") = "Contract", "..\Contract\Contract.csproj", "{EF351A0C-0C28-42DA-B878-A83894280ACF}"
EndProject
Project("{FAE04EC0-301F-11D3-BF4B-00C04F79EFBC}") = "Repository", "..\Repository\Repository.csproj", "{381EFC58-B7AA-4D3D-B98B-42AB6866AB89}"
EndProject
Project("{FAE04EC0-301F-11D3-BF4B-00C04F79EFBC}") = "Contract.Service", "..\Contract.Service\Contract.Service.csproj", "{4E4B5005-4A64-4AE8-B5F1-D8D64E4EC769}"
EndProject
Project("{FAE04EC0-301F-11D3-BF4B-00C04F79EFBC}") = "Service", "..\Service\Service.csproj", "{F2AA120E-0118-4CA2-8859-F75D76A129F0}"
EndProject
Project("{FAE04EC0-301F-11D3-BF4B-00C04F79EFBC}") = "Presentation", "..\Presentation\Presentation.csproj", "{38AAD285-D7AB-49B9-9427-68701999DD0B}"
EndProject
Project("{FAE04EC0-301F-11D3-BF4B-00C04F79EFBC}") = "Shared", "..\Shared\Shared.csproj", "{46935E29-C745-46BD-94F2-536333DBEDA5}"
EndProject
Global
	GlobalSection(SolutionConfigurationPlatforms) = preSolution
		Debug|Any CPU = Debug|Any CPU
		Release|Any CPU = Release|Any CPU
	EndGlobalSection
	GlobalSection(ProjectConfigurationPlatforms) = postSolution
		{1F39DA9D-D17F-4189-9BB2-1CEE759E7501}.Debug|Any CPU.ActiveCfg = Debug|Any CPU
		{1F39DA9D-D17F-4189-9BB2-1CEE759E7501}.Debug|Any CPU.Build.0 = Debug|Any CPU
		{1F39DA9D-D17F-4189-9BB2-1CEE759E7501}.Release|Any CPU.ActiveCfg = Release|Any CPU
		{1F39DA9D-D17F-4189-9BB2-1CEE759E7501}.Release|Any CPU.Build.0 = Release|Any CPU
		{11A36444-9C25-412E-89EA-E782EC977826}.Debug|Any CPU.ActiveCfg = Debug|Any CPU
		{11A36444-9C25-412E-89EA-E782EC977826}.Debug|Any CPU.Build.0 = Debug|Any CPU
		{11A36444-9C25-412E-89EA-E782EC977826}.Release|Any CPU.ActiveCfg = Release|Any CPU
		{11A36444-9C25-412E-89EA-E782EC977826}.Release|Any CPU.Build.0 = Release|Any CPU
		{EF351A0C-0C28-42DA-B878-A83894280ACF}.Debug|Any CPU.ActiveCfg = Debug|Any CPU
		{EF351A0C-0C28-42DA-B878-A83894280ACF}.Debug|Any CPU.Build.0 = Debug|Any CPU
		{EF351A0C-0C28-42DA-B878-A83894280ACF}.Release|Any CPU.ActiveCfg = Release|Any CPU
		{EF351A0C-0C28-42DA-B878-A83894280ACF}.Release|Any CPU.Build.0 = Release|Any CPU
		{381EFC58-B7AA-4D3D-B98B-42AB6866AB89}.Debug|Any CPU.ActiveCfg = Debug|Any CPU
		{381EFC58-B7AA-4D3D-B98B-42AB6866AB89}.Debug|Any CPU.Build.0 = Debug|Any CPU
		{381EFC58-B7AA-4D3D-B98B-42AB6866AB89}.Release|Any CPU.ActiveCfg = Release|Any CPU
		{381EFC58-B7AA-4D3D-B98B-42AB6866AB89}.Release|Any CPU.Build.0 = Release|Any CPU
		{4E4B5005-4A64-4AE8-B5F1-D8D64E4EC769}.Debug|Any CPU.ActiveCfg = Debug|Any CPU
		{4E4B5005-4A64-4AE8-B5F1-D8D64E4EC769}.Debug|Any CPU.Build.0 = Debug|Any CPU
		{4E4B5005-4A64-4AE8-B5F1-D8D64E4EC769}.Release|Any CPU.ActiveCfg = Release|Any CPU
		{4E4B5005-4A64-4AE8-B5F1-D8D64E4EC769}.Release|Any CPU.Build.0 = Release|Any CPU
		{F2AA120E-0118-4CA2-8859-F75D76A129F0}.Debug|Any CPU.ActiveCfg = Debug|Any CPU
		{F2AA120E-0118-4CA2-8859-F75D76A129F0}.Debug|Any CPU.Build.0 = Debug|Any CPU
		{F2AA120E-0118-4CA2-8859-F75D76A129F0}.Release|Any CPU.ActiveCfg = Release|Any CPU
		{F2AA120E-0118-4CA2-8859-F75D76A129F0}.Release|Any CPU.Build.0 = Release|Any CPU
		{38AAD285-D7AB-49B9-9427-68701999DD0B}.Debug|Any CPU.ActiveCfg = Debug|Any CPU
		{38AAD285-D7AB-49B9-9427-68701999DD0B}.Debug|Any CPU.Build.0 = Debug|Any CPU
		{38AAD285-D7AB-49B9-9427-68701999DD0B}.Release|Any CPU.ActiveCfg = Release|Any CPU
		{38AAD285-D7AB-49B9-9427-68701999DD0B}.Release|Any CPU.Build.0 = Release|Any CPU
		{46935E29-C745-46BD-94F2-536333DBEDA5}.Debug|Any CPU.ActiveCfg = Debug|Any CPU
		{46935E29-C745-46BD-94F2-536333DBEDA5}.Debug|Any CPU.Build.0 = Debug|Any CPU
		{46935E29-C745-46BD-94F2-536333DBEDA5}.Release|Any CPU.ActiveCfg = Release|Any CPU
		{46935E29-C745-46BD-94F2-536333DBEDA5}.Release|Any CPU.Build.0 = Release|Any CPU
	EndGlobalSection
	GlobalSection(SolutionProperties) = preSolution
		HideSolutionNode = FALSE
	EndGlobalSection
	GlobalSection(ExtensibilityGlobals) = postSolution
		SolutionGuid = {D79A0596-4367-4A90-B912-847675D92938}
	EndGlobalSection
EndGlobal
