
Microsoft Visual Studio Solution File, Format Version 12.00
# Visual Studio Version 17
VisualStudioVersion = 17.0.31903.59
MinimumVisualStudioVersion = 10.0.40219.1
Project("{2150E333-8FDC-42A3-9474-1A3956D46DE8}") = "src", "src", "{3381DDF8-4477-4ADC-A15E-A403414263BC}"
EndProject
Project("{9A19103F-16F7-4668-BE54-9A1E7A4F7556}") = "PosSystem", "PosSystem\PosSystem.csproj", "{E3E18307-50B3-497C-B2B1-C21DB403E217}"
EndProject
Project("{9A19103F-16F7-4668-BE54-9A1E7A4F7556}") = "Contract", "Contract\Contract.csproj", "{E807E428-14D8-4718-85A2-8F8E63AB4CB1}"
EndProject
Project("{9A19103F-16F7-4668-BE54-9A1E7A4F7556}") = "Contract.Service", "Contract.Service\Contract.Service.csproj", "{665936EA-4A0B-4824-AC45-10FCDB21BA21}"
EndProject
Project("{9A19103F-16F7-4668-BE54-9A1E7A4F7556}") = "Entity", "Entity\Entity.csproj", "{3C66179F-8D07-4EDC-8BE6-BDA5BB066AAF}"
EndProject
Project("{9A19103F-16F7-4668-BE54-9A1E7A4F7556}") = "Repository", "Repository\Repository.csproj", "{4936A236-4E03-4338-9698-3BBA0A388F65}"
EndProject
Project("{9A19103F-16F7-4668-BE54-9A1E7A4F7556}") = "Presentation", "Presentation\Presentation.csproj", "{9D3E6332-59B0-4EC6-BBB0-50B05F2D037E}"
EndProject
Project("{9A19103F-16F7-4668-BE54-9A1E7A4F7556}") = "Service", "Service\Service.csproj", "{738C8CFF-7625-44F2-B7E4-2450395B2FE8}"
EndProject
Project("{9A19103F-16F7-4668-BE54-9A1E7A4F7556}") = "Shared", "Shared\Shared.csproj", "{A375F964-6739-4EB1-91BC-35D23E821BC5}"
EndProject
Global
	GlobalSection(SolutionConfigurationPlatforms) = preSolution
		Debug|Any CPU = Debug|Any CPU
		Release|Any CPU = Release|Any CPU
	EndGlobalSection
	GlobalSection(ProjectConfigurationPlatforms) = postSolution
		{E3E18307-50B3-497C-B2B1-C21DB403E217}.Debug|Any CPU.ActiveCfg = Debug|Any CPU
		{E3E18307-50B3-497C-B2B1-C21DB403E217}.Debug|Any CPU.Build.0 = Debug|Any CPU
		{E3E18307-50B3-497C-B2B1-C21DB403E217}.Release|Any CPU.ActiveCfg = Release|Any CPU
		{E3E18307-50B3-497C-B2B1-C21DB403E217}.Release|Any CPU.Build.0 = Release|Any CPU
		{E807E428-14D8-4718-85A2-8F8E63AB4CB1}.Debug|Any CPU.ActiveCfg = Debug|Any CPU
		{E807E428-14D8-4718-85A2-8F8E63AB4CB1}.Debug|Any CPU.Build.0 = Debug|Any CPU
		{E807E428-14D8-4718-85A2-8F8E63AB4CB1}.Release|Any CPU.ActiveCfg = Release|Any CPU
		{E807E428-14D8-4718-85A2-8F8E63AB4CB1}.Release|Any CPU.Build.0 = Release|Any CPU
		{665936EA-4A0B-4824-AC45-10FCDB21BA21}.Debug|Any CPU.ActiveCfg = Debug|Any CPU
		{665936EA-4A0B-4824-AC45-10FCDB21BA21}.Debug|Any CPU.Build.0 = Debug|Any CPU
		{665936EA-4A0B-4824-AC45-10FCDB21BA21}.Release|Any CPU.ActiveCfg = Release|Any CPU
		{665936EA-4A0B-4824-AC45-10FCDB21BA21}.Release|Any CPU.Build.0 = Release|Any CPU
		{3C66179F-8D07-4EDC-8BE6-BDA5BB066AAF}.Debug|Any CPU.ActiveCfg = Debug|Any CPU
		{3C66179F-8D07-4EDC-8BE6-BDA5BB066AAF}.Debug|Any CPU.Build.0 = Debug|Any CPU
		{3C66179F-8D07-4EDC-8BE6-BDA5BB066AAF}.Release|Any CPU.ActiveCfg = Release|Any CPU
		{3C66179F-8D07-4EDC-8BE6-BDA5BB066AAF}.Release|Any CPU.Build.0 = Release|Any CPU
		{4936A236-4E03-4338-9698-3BBA0A388F65}.Debug|Any CPU.ActiveCfg = Debug|Any CPU
		{4936A236-4E03-4338-9698-3BBA0A388F65}.Debug|Any CPU.Build.0 = Debug|Any CPU
		{4936A236-4E03-4338-9698-3BBA0A388F65}.Release|Any CPU.ActiveCfg = Release|Any CPU
		{4936A236-4E03-4338-9698-3BBA0A388F65}.Release|Any CPU.Build.0 = Release|Any CPU
		{9D3E6332-59B0-4EC6-BBB0-50B05F2D037E}.Debug|Any CPU.ActiveCfg = Debug|Any CPU
		{9D3E6332-59B0-4EC6-BBB0-50B05F2D037E}.Debug|Any CPU.Build.0 = Debug|Any CPU
		{9D3E6332-59B0-4EC6-BBB0-50B05F2D037E}.Release|Any CPU.ActiveCfg = Release|Any CPU
		{9D3E6332-59B0-4EC6-BBB0-50B05F2D037E}.Release|Any CPU.Build.0 = Release|Any CPU
		{738C8CFF-7625-44F2-B7E4-2450395B2FE8}.Debug|Any CPU.ActiveCfg = Debug|Any CPU
		{738C8CFF-7625-44F2-B7E4-2450395B2FE8}.Debug|Any CPU.Build.0 = Debug|Any CPU
		{738C8CFF-7625-44F2-B7E4-2450395B2FE8}.Release|Any CPU.ActiveCfg = Release|Any CPU
		{738C8CFF-7625-44F2-B7E4-2450395B2FE8}.Release|Any CPU.Build.0 = Release|Any CPU
		{A375F964-6739-4EB1-91BC-35D23E821BC5}.Debug|Any CPU.ActiveCfg = Debug|Any CPU
		{A375F964-6739-4EB1-91BC-35D23E821BC5}.Debug|Any CPU.Build.0 = Debug|Any CPU
		{A375F964-6739-4EB1-91BC-35D23E821BC5}.Release|Any CPU.ActiveCfg = Release|Any CPU
		{A375F964-6739-4EB1-91BC-35D23E821BC5}.Release|Any CPU.Build.0 = Release|Any CPU
	EndGlobalSection
	GlobalSection(SolutionProperties) = preSolution
		HideSolutionNode = FALSE
	EndGlobalSection
	GlobalSection(NestedProjects) = preSolution
		{E3E18307-50B3-497C-B2B1-C21DB403E217} = {3381DDF8-4477-4ADC-A15E-A403414263BC}
		{E807E428-14D8-4718-85A2-8F8E63AB4CB1} = {3381DDF8-4477-4ADC-A15E-A403414263BC}
		{665936EA-4A0B-4824-AC45-10FCDB21BA21} = {3381DDF8-4477-4ADC-A15E-A403414263BC}
		{3C66179F-8D07-4EDC-8BE6-BDA5BB066AAF} = {3381DDF8-4477-4ADC-A15E-A403414263BC}
		{4936A236-4E03-4338-9698-3BBA0A388F65} = {3381DDF8-4477-4ADC-A15E-A403414263BC}
		{9D3E6332-59B0-4EC6-BBB0-50B05F2D037E} = {3381DDF8-4477-4ADC-A15E-A403414263BC}
		{738C8CFF-7625-44F2-B7E4-2450395B2FE8} = {3381DDF8-4477-4ADC-A15E-A403414263BC}
		{A375F964-6739-4EB1-91BC-35D23E821BC5} = {3381DDF8-4477-4ADC-A15E-A403414263BC}
	EndGlobalSection
EndGlobal
